Microsoft Visual Studio Solution File, Format Version 12.00
Project("{FAE04EC0-301F-11D3-BF4B-00C04F79EFBC}") = "SaveYourLuckBruh", "SaveYourLuckBruh\SaveYourLuckBruh.csproj", "{6316A085-6661-4F33-9FCD-CF6157819698}"
EndProject
Project("{2150E333-8FDC-42A3-9474-1A3956D46DE8}") = "Module Files", "Module Files", "{125A2AE5-FB75-4EED-B971-3E0C9C056DA0}"
	ProjectSection(SolutionItems) = preProject
		README.md = README.md
		manifest.json = manifest.json
		icon.png = icon.png
		CHANGELOG.md = CHANGELOG.md
		LICENSE.md = LICENSE.md
	EndProjectSection
EndProject
Project("{2150E333-8FDC-42A3-9474-1A3956D46DE8}") = "Translations", "Translations", "{453B1EE0-9980-4B66-93B3-2DDBD21FEE03}"
EndProject
Project("{2150E333-8FDC-42A3-9474-1A3956D46DE8}") = "Documentation", "Documentation", "{A6B56ED4-972B-4C9B-B2BF-E4A83B7F5C2E}"
	ProjectSection(SolutionItems) = preProject
		Docs\PATCHNOTES.md = Docs\PATCHNOTES.md
	EndProjectSection
EndProject
Global
	GlobalSection(SolutionConfigurationPlatforms) = preSolution
		Debug|Any CPU = Debug|Any CPU
		Release|Any CPU = Release|Any CPU
	EndGlobalSection
	GlobalSection(ProjectConfigurationPlatforms) = postSolution
		{6316A085-6661-4F33-9FCD-CF6157819698}.Debug|Any CPU.ActiveCfg = Debug|Any CPU
		{6316A085-6661-4F33-9FCD-CF6157819698}.Debug|Any CPU.Build.0 = Debug|Any CPU
		{6316A085-6661-4F33-9FCD-CF6157819698}.Release|Any CPU.ActiveCfg = Release|Any CPU
		{6316A085-6661-4F33-9FCD-CF6157819698}.Release|Any CPU.Build.0 = Release|Any CPU
	EndGlobalSection
	GlobalSection(NestedProjects) = preSolution
		{453B1EE0-9980-4B66-93B3-2DDBD21FEE03} = {125A2AE5-FB75-4EED-B971-3E0C9C056DA0}
	EndGlobalSection
EndGlobal
